
Microsoft Visual Studio Solution File, Format Version 12.00
# Visual Studio Version 17
VisualStudioVersion = 17.5.002.0
MinimumVisualStudioVersion = 10.0.40219.1
Project("{9A19103F-16F7-4668-BE54-9A1E7A4F7556}") = "DesafioFundamentos", "DesafioFundamentos\DesafioFundamentos.csproj", "{A7D7A182-32AB-4962-A34F-5493997EB7CA}"
EndProject
Global
	GlobalSection(SolutionConfigurationPlatforms) = preSolution
		Debug|Any CPU = Debug|Any CPU
		Release|Any CPU = Release|Any CPU
	EndGlobalSection
	GlobalSection(ProjectConfigurationPlatforms) = postSolution
		{A7D7A182-32AB-4962-A34F-5493997EB7CA}.Debug|Any CPU.ActiveCfg = Debug|Any CPU
		{A7D7A182-32AB-4962-A34F-5493997EB7CA}.Debug|Any CPU.Build.0 = Debug|Any CPU
		{A7D7A182-32AB-4962-A34F-5493997EB7CA}.Release|Any CPU.ActiveCfg = Release|Any CPU
		{A7D7A182-32AB-4962-A34F-5493997EB7CA}.Release|Any CPU.Build.0 = Release|Any CPU
	EndGlobalSection
	GlobalSection(SolutionProperties) = preSolution
		HideSolutionNode = FALSE
	EndGlobalSection
	GlobalSection(ExtensibilityGlobals) = postSolution
		SolutionGuid = {C389736F-E2EA-4AA4-812E-78AA50E54113}
	EndGlobalSection
EndGlobal
